
Microsoft Visual Studio Solution File, Format Version 12.00
# Visual Studio 2012
Project("{FAE04EC0-301F-11D3-BF4B-00C04F79EFBC}") = "GoConsole", "GoConsole\GoConsole.csproj", "{067375E2-0520-4691-8F2B-3F06D93C4A54}"
EndProject
Project("{FAE04EC0-301F-11D3-BF4B-00C04F79EFBC}") = "GoFunctional", "GoFunctional\GoFunctional.csproj", "{50FDAA3F-C2D4-45A8-BF70-8F6035DD6362}"
EndProject
Project("{FAE04EC0-301F-11D3-BF4B-00C04F79EFBC}") = "GoCollections", "GoCollections\GoCollections.csproj", "{B068F5DB-6582-4429-B9BA-27EF5A21D07C}"
EndProject
Project("{FAE04EC0-301F-11D3-BF4B-00C04F79EFBC}") = "GoStrings", "GoStrings\GoStrings.csproj", "{8B99D893-D453-4192-97E4-A0BF7809A42F}"
EndProject
Project("{FAE04EC0-301F-11D3-BF4B-00C04F79EFBC}") = "GoStreams", "GoStreams\GoStreams.csproj", "{B1269408-47BE-4749-9F7C-145DAC4A280E}"
EndProject
Project("{FAE04EC0-301F-11D3-BF4B-00C04F79EFBC}") = "SmartExplorer.Desktop", "SmartExplorer.Desktop\SmartExplorer.Desktop.csproj", "{76F03835-2BE1-4278-B212-2ED6A2E7E16F}"
EndProject
Project("{FAE04EC0-301F-11D3-BF4B-00C04F79EFBC}") = "SmartExplorer.API", "SmartExplorer.API\SmartExplorer.API.csproj", "{293D0A02-9A2F-4E80-A464-A2F715D8A974}"
EndProject
Project("{FAE04EC0-301F-11D3-BF4B-00C04F79EFBC}") = "SmartExplorer.API.Tests", "SmartExplorer.API.Tests\SmartExplorer.API.Tests.csproj", "{CC3EA627-B970-4796-951F-C061809C6E4F}"
EndProject
Project("{FAE04EC0-301F-11D3-BF4B-00C04F79EFBC}") = "SmartExplorer.Pro", "SmartExplorer.Pro\SmartExplorer.Pro.csproj", "{7FFB73E7-27CD-467E-A714-7E33E09C4387}"
EndProject
Project("{FAE04EC0-301F-11D3-BF4B-00C04F79EFBC}") = "GoMarkups", "GoMarkups\GoMarkups.csproj", "{3A987C4D-E284-4F05-A96F-524172CC2C63}"
EndProject
Global
	GlobalSection(SolutionConfigurationPlatforms) = preSolution
		Debug|Any CPU = Debug|Any CPU
		Release|Any CPU = Release|Any CPU
	EndGlobalSection
	GlobalSection(ProjectConfigurationPlatforms) = postSolution
		{067375E2-0520-4691-8F2B-3F06D93C4A54}.Debug|Any CPU.ActiveCfg = Debug|Any CPU
		{067375E2-0520-4691-8F2B-3F06D93C4A54}.Debug|Any CPU.Build.0 = Debug|Any CPU
		{067375E2-0520-4691-8F2B-3F06D93C4A54}.Release|Any CPU.ActiveCfg = Release|Any CPU
		{067375E2-0520-4691-8F2B-3F06D93C4A54}.Release|Any CPU.Build.0 = Release|Any CPU
		{50FDAA3F-C2D4-45A8-BF70-8F6035DD6362}.Debug|Any CPU.ActiveCfg = Debug|Any CPU
		{50FDAA3F-C2D4-45A8-BF70-8F6035DD6362}.Debug|Any CPU.Build.0 = Debug|Any CPU
		{50FDAA3F-C2D4-45A8-BF70-8F6035DD6362}.Release|Any CPU.ActiveCfg = Release|Any CPU
		{50FDAA3F-C2D4-45A8-BF70-8F6035DD6362}.Release|Any CPU.Build.0 = Release|Any CPU
		{B068F5DB-6582-4429-B9BA-27EF5A21D07C}.Debug|Any CPU.ActiveCfg = Debug|Any CPU
		{B068F5DB-6582-4429-B9BA-27EF5A21D07C}.Debug|Any CPU.Build.0 = Debug|Any CPU
		{B068F5DB-6582-4429-B9BA-27EF5A21D07C}.Release|Any CPU.ActiveCfg = Release|Any CPU
		{B068F5DB-6582-4429-B9BA-27EF5A21D07C}.Release|Any CPU.Build.0 = Release|Any CPU
		{8B99D893-D453-4192-97E4-A0BF7809A42F}.Debug|Any CPU.ActiveCfg = Debug|Any CPU
		{8B99D893-D453-4192-97E4-A0BF7809A42F}.Debug|Any CPU.Build.0 = Debug|Any CPU
		{8B99D893-D453-4192-97E4-A0BF7809A42F}.Release|Any CPU.ActiveCfg = Release|Any CPU
		{8B99D893-D453-4192-97E4-A0BF7809A42F}.Release|Any CPU.Build.0 = Release|Any CPU
		{B1269408-47BE-4749-9F7C-145DAC4A280E}.Debug|Any CPU.ActiveCfg = Debug|Any CPU
		{B1269408-47BE-4749-9F7C-145DAC4A280E}.Debug|Any CPU.Build.0 = Debug|Any CPU
		{B1269408-47BE-4749-9F7C-145DAC4A280E}.Release|Any CPU.ActiveCfg = Release|Any CPU
		{B1269408-47BE-4749-9F7C-145DAC4A280E}.Release|Any CPU.Build.0 = Release|Any CPU
		{76F03835-2BE1-4278-B212-2ED6A2E7E16F}.Debug|Any CPU.ActiveCfg = Debug|Any CPU
		{76F03835-2BE1-4278-B212-2ED6A2E7E16F}.Debug|Any CPU.Build.0 = Debug|Any CPU
		{76F03835-2BE1-4278-B212-2ED6A2E7E16F}.Release|Any CPU.ActiveCfg = Release|Any CPU
		{76F03835-2BE1-4278-B212-2ED6A2E7E16F}.Release|Any CPU.Build.0 = Release|Any CPU
		{293D0A02-9A2F-4E80-A464-A2F715D8A974}.Debug|Any CPU.ActiveCfg = Debug|Any CPU
		{293D0A02-9A2F-4E80-A464-A2F715D8A974}.Debug|Any CPU.Build.0 = Debug|Any CPU
		{293D0A02-9A2F-4E80-A464-A2F715D8A974}.Release|Any CPU.ActiveCfg = Release|Any CPU
		{293D0A02-9A2F-4E80-A464-A2F715D8A974}.Release|Any CPU.Build.0 = Release|Any CPU
		{CC3EA627-B970-4796-951F-C061809C6E4F}.Debug|Any CPU.ActiveCfg = Debug|Any CPU
		{CC3EA627-B970-4796-951F-C061809C6E4F}.Debug|Any CPU.Build.0 = Debug|Any CPU
		{CC3EA627-B970-4796-951F-C061809C6E4F}.Release|Any CPU.ActiveCfg = Release|Any CPU
		{CC3EA627-B970-4796-951F-C061809C6E4F}.Release|Any CPU.Build.0 = Release|Any CPU
		{7FFB73E7-27CD-467E-A714-7E33E09C4387}.Debug|Any CPU.ActiveCfg = Debug|Any CPU
		{7FFB73E7-27CD-467E-A714-7E33E09C4387}.Debug|Any CPU.Build.0 = Debug|Any CPU
		{7FFB73E7-27CD-467E-A714-7E33E09C4387}.Release|Any CPU.ActiveCfg = Release|Any CPU
		{7FFB73E7-27CD-467E-A714-7E33E09C4387}.Release|Any CPU.Build.0 = Release|Any CPU
		{3A987C4D-E284-4F05-A96F-524172CC2C63}.Debug|Any CPU.ActiveCfg = Debug|Any CPU
		{3A987C4D-E284-4F05-A96F-524172CC2C63}.Debug|Any CPU.Build.0 = Debug|Any CPU
		{3A987C4D-E284-4F05-A96F-524172CC2C63}.Release|Any CPU.ActiveCfg = Release|Any CPU
		{3A987C4D-E284-4F05-A96F-524172CC2C63}.Release|Any CPU.Build.0 = Release|Any CPU
	EndGlobalSection
	GlobalSection(SolutionProperties) = preSolution
		HideSolutionNode = FALSE
	EndGlobalSection
EndGlobal
